
Microsoft Visual Studio Solution File, Format Version 12.00
# Visual Studio Version 16
VisualStudioVersion = 16.0.30114.105
MinimumVisualStudioVersion = 10.0.40219.1
Project("{2150E333-8FDC-42A3-9474-1A3956D46DE8}") = "src", "src", "{A958B2B8-0353-4A5B-B639-6D6E7772A5E5}"
EndProject
Project("{FAE04EC0-301F-11D3-BF4B-00C04F79EFBC}") = "IdentityServer", "src\IdentityServer\IdentityServer.csproj", "{274EB59D-2759-4C49-8EE9-77725B9C93FD}"
EndProject
Project("{FAE04EC0-301F-11D3-BF4B-00C04F79EFBC}") = "Api", "src\Api\Api.csproj", "{1ABF5E1B-891F-4D70-960B-BBABEAE2DBBE}"
EndProject
Project("{FAE04EC0-301F-11D3-BF4B-00C04F79EFBC}") = "Client", "src\Client\Client.csproj", "{083204FA-4D4D-4381-AAC3-DCF62DA5CEA1}"
EndProject
Global
	GlobalSection(SolutionConfigurationPlatforms) = preSolution
		Debug|Any CPU = Debug|Any CPU
		Release|Any CPU = Release|Any CPU
	EndGlobalSection
	GlobalSection(SolutionProperties) = preSolution
		HideSolutionNode = FALSE
	EndGlobalSection
	GlobalSection(ProjectConfigurationPlatforms) = postSolution
		{274EB59D-2759-4C49-8EE9-77725B9C93FD}.Debug|Any CPU.ActiveCfg = Debug|Any CPU
		{274EB59D-2759-4C49-8EE9-77725B9C93FD}.Debug|Any CPU.Build.0 = Debug|Any CPU
		{274EB59D-2759-4C49-8EE9-77725B9C93FD}.Release|Any CPU.ActiveCfg = Release|Any CPU
		{274EB59D-2759-4C49-8EE9-77725B9C93FD}.Release|Any CPU.Build.0 = Release|Any CPU
		{1ABF5E1B-891F-4D70-960B-BBABEAE2DBBE}.Debug|Any CPU.ActiveCfg = Debug|Any CPU
		{1ABF5E1B-891F-4D70-960B-BBABEAE2DBBE}.Debug|Any CPU.Build.0 = Debug|Any CPU
		{1ABF5E1B-891F-4D70-960B-BBABEAE2DBBE}.Release|Any CPU.ActiveCfg = Release|Any CPU
		{1ABF5E1B-891F-4D70-960B-BBABEAE2DBBE}.Release|Any CPU.Build.0 = Release|Any CPU
		{083204FA-4D4D-4381-AAC3-DCF62DA5CEA1}.Debug|Any CPU.ActiveCfg = Debug|Any CPU
		{083204FA-4D4D-4381-AAC3-DCF62DA5CEA1}.Debug|Any CPU.Build.0 = Debug|Any CPU
		{083204FA-4D4D-4381-AAC3-DCF62DA5CEA1}.Release|Any CPU.ActiveCfg = Release|Any CPU
		{083204FA-4D4D-4381-AAC3-DCF62DA5CEA1}.Release|Any CPU.Build.0 = Release|Any CPU
	EndGlobalSection
	GlobalSection(NestedProjects) = preSolution
		{274EB59D-2759-4C49-8EE9-77725B9C93FD} = {A958B2B8-0353-4A5B-B639-6D6E7772A5E5}
		{1ABF5E1B-891F-4D70-960B-BBABEAE2DBBE} = {A958B2B8-0353-4A5B-B639-6D6E7772A5E5}
		{083204FA-4D4D-4381-AAC3-DCF62DA5CEA1} = {A958B2B8-0353-4A5B-B639-6D6E7772A5E5}
	EndGlobalSection
EndGlobal
